{
  "name": "soos-dast",
  "version": "2.0.37",
  "lockfileVersion": 3,
  "requires": true,
  "packages": {
    "": {
      "name": "soos-dast",
      "version": "2.0.37",
      "license": "MIT",
      "dependencies": {
        "@soos-io/api-client": "0.2.47",
        "@types/node": "^20.12.11",
        "argparse": "^2.0.1",
        "glob": "^10.3.14",
        "tslib": "^2.6.2"
      },
      "devDependencies": {
        "@types/argparse": "^2.0.15",
        "prettier": "^3.2.5",
        "typescript": "^5.4.5"
      }
    },
    "node_modules/@isaacs/cliui": {
      "version": "8.0.2",
      "resolved": "https://pkgs.dev.azure.com/PackageAware/PackageAware/_packaging/PackageAwareFeed/npm/registry/@isaacs/cliui/-/cliui-8.0.2.tgz",
      "integrity": "sha1-s3Znt7wYHBaHgiWbq0JHT79StVA=",
      "license": "ISC",
      "dependencies": {
        "string-width": "^5.1.2",
        "string-width-cjs": "npm:string-width@^4.2.0",
        "strip-ansi": "^7.0.1",
        "strip-ansi-cjs": "npm:strip-ansi@^6.0.1",
        "wrap-ansi": "^8.1.0",
        "wrap-ansi-cjs": "npm:wrap-ansi@^7.0.0"
      },
      "engines": {
        "node": ">=12"
      }
    },
    "node_modules/@pkgjs/parseargs": {
      "version": "0.11.0",
      "resolved": "https://pkgs.dev.azure.com/PackageAware/PackageAware/_packaging/PackageAwareFeed/npm/registry/@pkgjs/parseargs/-/parseargs-0.11.0.tgz",
      "integrity": "sha1-p36nQvqyV3UUVDTrHSMoz1ATrDM=",
      "license": "MIT",
      "optional": true,
      "engines": {
        "node": ">=14"
      }
    },
    "node_modules/@soos-io/api-client": {
      "version": "0.2.47",
      "resolved": "https://pkgs.dev.azure.com/PackageAware/PackageAware/_packaging/PackageAwareFeed/npm/registry/@soos-io/api-client/-/api-client-0.2.47.tgz",
      "integrity": "sha1-ZI5Th+wkTg9bJxI97tVdS5zE+yk=",
      "license": "MIT",
      "dependencies": {
        "argparse": "^2.0.1",
        "axios": "^1.6.8",
        "form-data": "^4.0.0",
        "glob": "^10.3.10",
        "tslib": "^2.6.2"
      }
    },
    "node_modules/@types/argparse": {
      "version": "2.0.16",
      "resolved": "https://pkgs.dev.azure.com/PackageAware/PackageAware/_packaging/PackageAwareFeed/npm/registry/@types/argparse/-/argparse-2.0.16.tgz",
      "integrity": "sha1-O7fM0oRLOovNbvvSF/bA6gaoDSI=",
      "dev": true,
      "license": "MIT"
    },
    "node_modules/@types/node": {
      "version": "20.12.13",
      "resolved": "https://pkgs.dev.azure.com/PackageAware/PackageAware/_packaging/PackageAwareFeed/npm/registry/@types/node/-/node-20.12.13.tgz",
      "integrity": "sha1-kO07ik5S3TxdxaQt3luFt0rY7Yg=",
      "license": "MIT",
      "dependencies": {
        "undici-types": "~5.26.4"
      }
    },
    "node_modules/ansi-regex": {
      "version": "6.0.1",
      "resolved": "https://pkgs.dev.azure.com/PackageAware/PackageAware/_packaging/PackageAwareFeed/npm/registry/ansi-regex/-/ansi-regex-6.0.1.tgz",
      "integrity": "sha1-MYPjj66aZdfLXlOUXNWJfQJgoGo=",
      "license": "MIT",
      "engines": {
        "node": ">=12"
      },
      "funding": {
        "url": "https://github.com/chalk/ansi-regex?sponsor=1"
      }
    },
    "node_modules/ansi-styles": {
      "version": "6.2.1",
      "resolved": "https://pkgs.dev.azure.com/PackageAware/PackageAware/_packaging/PackageAwareFeed/npm/registry/ansi-styles/-/ansi-styles-6.2.1.tgz",
      "integrity": "sha1-DmIyDPmcIa//OzASGSVGqsv7BcU=",
      "license": "MIT",
      "engines": {
        "node": ">=12"
      },
      "funding": {
        "url": "https://github.com/chalk/ansi-styles?sponsor=1"
      }
    },
    "node_modules/argparse": {
      "version": "2.0.1",
      "resolved": "https://pkgs.dev.azure.com/PackageAware/PackageAware/_packaging/PackageAwareFeed/npm/registry/argparse/-/argparse-2.0.1.tgz",
      "integrity": "sha1-JG9Q88p4oyQPbJl+ipvR6sSeSzg=",
      "license": "Python-2.0"
    },
    "node_modules/asynckit": {
      "version": "0.4.0",
      "resolved": "https://pkgs.dev.azure.com/PackageAware/PackageAware/_packaging/PackageAwareFeed/npm/registry/asynckit/-/asynckit-0.4.0.tgz",
      "integrity": "sha1-x57Zf380y48robyXkLzDZkdLS3k=",
      "license": "MIT"
    },
    "node_modules/axios": {
      "version": "1.7.2",
      "resolved": "https://pkgs.dev.azure.com/PackageAware/PackageAware/_packaging/PackageAwareFeed/npm/registry/axios/-/axios-1.7.2.tgz",
      "integrity": "sha1-tiXbinBR++phw1o8uzodqnucdiE=",
      "license": "MIT",
      "dependencies": {
        "follow-redirects": "^1.15.6",
        "form-data": "^4.0.0",
        "proxy-from-env": "^1.1.0"
      }
    },
    "node_modules/balanced-match": {
      "version": "1.0.2",
      "resolved": "https://pkgs.dev.azure.com/PackageAware/PackageAware/_packaging/PackageAwareFeed/npm/registry/balanced-match/-/balanced-match-1.0.2.tgz",
      "integrity": "sha1-6D46fj8wCzTLnYf2FfoMvzV2kO4=",
      "license": "MIT"
    },
    "node_modules/brace-expansion": {
      "version": "2.0.1",
      "resolved": "https://pkgs.dev.azure.com/PackageAware/PackageAware/_packaging/PackageAwareFeed/npm/registry/brace-expansion/-/brace-expansion-2.0.1.tgz",
      "integrity": "sha1-HtxFng8MVISG7Pn8mfIiE2S5oK4=",
      "license": "MIT",
      "dependencies": {
        "balanced-match": "^1.0.0"
      }
    },
    "node_modules/color-convert": {
      "version": "2.0.1",
      "resolved": "https://pkgs.dev.azure.com/PackageAware/PackageAware/_packaging/PackageAwareFeed/npm/registry/color-convert/-/color-convert-2.0.1.tgz",
      "integrity": "sha1-ctOmjVmMm9s68q0ehPIdiWq9TeM=",
      "license": "MIT",
      "dependencies": {
        "color-name": "~1.1.4"
      },
      "engines": {
        "node": ">=7.0.0"
      }
    },
    "node_modules/color-name": {
      "version": "1.1.4",
      "resolved": "https://pkgs.dev.azure.com/PackageAware/PackageAware/_packaging/PackageAwareFeed/npm/registry/color-name/-/color-name-1.1.4.tgz",
      "integrity": "sha1-wqCah6y95pVD3m9j+jmVyCbFNqI=",
      "license": "MIT"
    },
    "node_modules/combined-stream": {
      "version": "1.0.8",
      "resolved": "https://pkgs.dev.azure.com/PackageAware/PackageAware/_packaging/PackageAwareFeed/npm/registry/combined-stream/-/combined-stream-1.0.8.tgz",
      "integrity": "sha1-w9RaizT9cwYxoRCoolIGgrMdWn8=",
      "license": "MIT",
      "dependencies": {
        "delayed-stream": "~1.0.0"
      },
      "engines": {
        "node": ">= 0.8"
      }
    },
    "node_modules/cross-spawn": {
      "version": "7.0.3",
      "resolved": "https://pkgs.dev.azure.com/PackageAware/PackageAware/_packaging/PackageAwareFeed/npm/registry/cross-spawn/-/cross-spawn-7.0.3.tgz",
      "integrity": "sha1-9zqFudXUHQRVUcF34ogtSshXKKY=",
      "license": "MIT",
      "dependencies": {
        "path-key": "^3.1.0",
        "shebang-command": "^2.0.0",
        "which": "^2.0.1"
      },
      "engines": {
        "node": ">= 8"
      }
    },
    "node_modules/delayed-stream": {
      "version": "1.0.0",
      "resolved": "https://pkgs.dev.azure.com/PackageAware/PackageAware/_packaging/PackageAwareFeed/npm/registry/delayed-stream/-/delayed-stream-1.0.0.tgz",
      "integrity": "sha1-3zrhmayt+31ECqrgsp4icrJOxhk=",
      "license": "MIT",
      "engines": {
        "node": ">=0.4.0"
      }
    },
    "node_modules/eastasianwidth": {
      "version": "0.2.0",
      "resolved": "https://pkgs.dev.azure.com/PackageAware/PackageAware/_packaging/PackageAwareFeed/npm/registry/eastasianwidth/-/eastasianwidth-0.2.0.tgz",
      "integrity": "sha1-aWzi7Aqg5uqTo5f/zySqeEDIJ8s=",
      "license": "MIT"
    },
    "node_modules/emoji-regex": {
      "version": "9.2.2",
      "resolved": "https://pkgs.dev.azure.com/PackageAware/PackageAware/_packaging/PackageAwareFeed/npm/registry/emoji-regex/-/emoji-regex-9.2.2.tgz",
      "integrity": "sha1-hAyIA7DYBH9P8M+WMXazLU7z7XI=",
      "license": "MIT"
    },
    "node_modules/follow-redirects": {
      "version": "1.15.6",
      "resolved": "https://pkgs.dev.azure.com/PackageAware/PackageAware/_packaging/PackageAwareFeed/npm/registry/follow-redirects/-/follow-redirects-1.15.6.tgz",
      "integrity": "sha1-f4FcDNpCScdP8J6V75fCO1/QOZs=",
      "funding": [
        {
          "type": "individual",
          "url": "https://github.com/sponsors/RubenVerborgh"
        }
      ],
      "license": "MIT",
      "engines": {
        "node": ">=4.0"
      },
      "peerDependenciesMeta": {
        "debug": {
          "optional": true
        }
      }
    },
    "node_modules/foreground-child": {
      "version": "3.1.1",
      "resolved": "https://pkgs.dev.azure.com/PackageAware/PackageAware/_packaging/PackageAwareFeed/npm/registry/foreground-child/-/foreground-child-3.1.1.tgz",
      "integrity": "sha1-HRc+d2110ncv7Qjv5KDeHqGxLQ0=",
      "license": "ISC",
      "dependencies": {
        "cross-spawn": "^7.0.0",
        "signal-exit": "^4.0.1"
      },
      "engines": {
        "node": ">=14"
      },
      "funding": {
        "url": "https://github.com/sponsors/isaacs"
      }
    },
    "node_modules/form-data": {
      "version": "4.0.0",
      "resolved": "https://pkgs.dev.azure.com/PackageAware/PackageAware/_packaging/PackageAwareFeed/npm/registry/form-data/-/form-data-4.0.0.tgz",
      "integrity": "sha1-k5Gdrq82HuUpWEubMWZNwSyfpFI=",
      "license": "MIT",
      "dependencies": {
        "asynckit": "^0.4.0",
        "combined-stream": "^1.0.8",
        "mime-types": "^2.1.12"
      },
      "engines": {
        "node": ">= 6"
      }
    },
    "node_modules/glob": {
      "version": "10.4.1",
      "resolved": "https://pkgs.dev.azure.com/PackageAware/PackageAware/_packaging/PackageAwareFeed/npm/registry/glob/-/glob-10.4.1.tgz",
      "integrity": "sha1-DPsBq2prQ4F3v+aljiV29u/pCcI=",
      "license": "ISC",
      "dependencies": {
        "foreground-child": "^3.1.0",
        "jackspeak": "^3.1.2",
        "minimatch": "^9.0.4",
        "minipass": "^7.1.2",
        "path-scurry": "^1.11.1"
      },
      "bin": {
        "glob": "dist/esm/bin.mjs"
      },
      "engines": {
        "node": ">=16 || 14 >=14.18"
      },
      "funding": {
        "url": "https://github.com/sponsors/isaacs"
      }
    },
    "node_modules/is-fullwidth-code-point": {
      "version": "3.0.0",
      "resolved": "https://pkgs.dev.azure.com/PackageAware/PackageAware/_packaging/PackageAwareFeed/npm/registry/is-fullwidth-code-point/-/is-fullwidth-code-point-3.0.0.tgz",
      "integrity": "sha1-8Rb4Bk/pCz94RKOJl8C3UFEmnx0=",
      "license": "MIT",
      "engines": {
        "node": ">=8"
      }
    },
    "node_modules/isexe": {
      "version": "2.0.0",
      "resolved": "https://pkgs.dev.azure.com/PackageAware/PackageAware/_packaging/PackageAwareFeed/npm/registry/isexe/-/isexe-2.0.0.tgz",
      "integrity": "sha1-6PvzdNxVb/iUehDcsFctYz8s+hA=",
      "license": "ISC"
    },
    "node_modules/jackspeak": {
      "version": "3.1.2",
      "resolved": "https://pkgs.dev.azure.com/PackageAware/PackageAware/_packaging/PackageAwareFeed/npm/registry/jackspeak/-/jackspeak-3.1.2.tgz",
      "integrity": "sha1-6tpn6pSca3HeUPGwnJKpYYl7kKs=",
      "license": "BlueOak-1.0.0",
      "dependencies": {
        "@isaacs/cliui": "^8.0.2"
      },
      "engines": {
        "node": ">=14"
      },
      "funding": {
        "url": "https://github.com/sponsors/isaacs"
      },
      "optionalDependencies": {
        "@pkgjs/parseargs": "^0.11.0"
      }
    },
    "node_modules/lru-cache": {
      "version": "10.2.2",
      "resolved": "https://pkgs.dev.azure.com/PackageAware/PackageAware/_packaging/PackageAwareFeed/npm/registry/lru-cache/-/lru-cache-10.2.2.tgz",
      "integrity": "sha1-SCBrwRTBJSlAxBsltBr1tUWsqHg=",
      "license": "ISC",
      "engines": {
        "node": "14 || >=16.14"
      }
    },
    "node_modules/mime-db": {
      "version": "1.52.0",
      "resolved": "https://pkgs.dev.azure.com/PackageAware/PackageAware/_packaging/PackageAwareFeed/npm/registry/mime-db/-/mime-db-1.52.0.tgz",
      "integrity": "sha1-u6vNwChZ9JhzAchW4zh85exDv3A=",
      "license": "MIT",
      "engines": {
        "node": ">= 0.6"
      }
    },
    "node_modules/mime-types": {
      "version": "2.1.35",
      "resolved": "https://pkgs.dev.azure.com/PackageAware/PackageAware/_packaging/PackageAwareFeed/npm/registry/mime-types/-/mime-types-2.1.35.tgz",
      "integrity": "sha1-OBqHG2KnNEUGYK497uRIE/cNlZo=",
      "license": "MIT",
      "dependencies": {
        "mime-db": "1.52.0"
      },
      "engines": {
        "node": ">= 0.6"
      }
    },
    "node_modules/minimatch": {
      "version": "9.0.4",
      "resolved": "https://pkgs.dev.azure.com/PackageAware/PackageAware/_packaging/PackageAwareFeed/npm/registry/minimatch/-/minimatch-9.0.4.tgz",
      "integrity": "sha1-jknHMdF0nL7AUFDuUUUUezJJalE=",
      "license": "ISC",
      "dependencies": {
        "brace-expansion": "^2.0.1"
      },
      "engines": {
        "node": ">=16 || 14 >=14.17"
      },
      "funding": {
        "url": "https://github.com/sponsors/isaacs"
      }
    },
    "node_modules/minipass": {
      "version": "7.1.2",
      "resolved": "https://pkgs.dev.azure.com/PackageAware/PackageAware/_packaging/PackageAwareFeed/npm/registry/minipass/-/minipass-7.1.2.tgz",
      "integrity": "sha1-k6libOXl5mvU24aEnnUV6SNApwc=",
      "license": "ISC",
      "engines": {
        "node": ">=16 || 14 >=14.17"
      }
    },
    "node_modules/path-key": {
      "version": "3.1.1",
      "resolved": "https://pkgs.dev.azure.com/PackageAware/PackageAware/_packaging/PackageAwareFeed/npm/registry/path-key/-/path-key-3.1.1.tgz",
      "integrity": "sha1-WB9q3mWMu6ZaDTOA3ndTKVBU83U=",
      "license": "MIT",
      "engines": {
        "node": ">=8"
      }
    },
    "node_modules/path-scurry": {
      "version": "1.11.1",
      "resolved": "https://pkgs.dev.azure.com/PackageAware/PackageAware/_packaging/PackageAwareFeed/npm/registry/path-scurry/-/path-scurry-1.11.1.tgz",
      "integrity": "sha1-eWCmaIiFlKByCxKpEdGnQqufEdI=",
      "license": "BlueOak-1.0.0",
      "dependencies": {
        "lru-cache": "^10.2.0",
        "minipass": "^5.0.0 || ^6.0.2 || ^7.0.0"
      },
      "engines": {
        "node": ">=16 || 14 >=14.18"
      },
      "funding": {
        "url": "https://github.com/sponsors/isaacs"
      }
    },
    "node_modules/prettier": {
      "version": "3.2.5",
      "resolved": "https://pkgs.dev.azure.com/PackageAware/PackageAware/_packaging/PackageAwareFeed/npm/registry/prettier/-/prettier-3.2.5.tgz",
      "integrity": "sha1-5SvDCQWG6CSWSogTsJq6YjOyg2g=",
      "dev": true,
      "license": "MIT",
      "bin": {
        "prettier": "bin/prettier.cjs"
      },
      "engines": {
        "node": ">=14"
      },
      "funding": {
        "url": "https://github.com/prettier/prettier?sponsor=1"
      }
    },
    "node_modules/proxy-from-env": {
      "version": "1.1.0",
      "resolved": "https://pkgs.dev.azure.com/PackageAware/PackageAware/_packaging/PackageAwareFeed/npm/registry/proxy-from-env/-/proxy-from-env-1.1.0.tgz",
      "integrity": "sha1-4QLxbKNVQkhldV0sno6k8k1Yw+I=",
      "license": "MIT"
    },
    "node_modules/shebang-command": {
      "version": "2.0.0",
      "resolved": "https://pkgs.dev.azure.com/PackageAware/PackageAware/_packaging/PackageAwareFeed/npm/registry/shebang-command/-/shebang-command-2.0.0.tgz",
      "integrity": "sha1-zNCvT4g1+9wmW4JGGq8MNmY/NOo=",
      "license": "MIT",
      "dependencies": {
        "shebang-regex": "^3.0.0"
      },
      "engines": {
        "node": ">=8"
      }
    },
    "node_modules/shebang-regex": {
      "version": "3.0.0",
      "resolved": "https://pkgs.dev.azure.com/PackageAware/PackageAware/_packaging/PackageAwareFeed/npm/registry/shebang-regex/-/shebang-regex-3.0.0.tgz",
      "integrity": "sha1-rhbxZE2HPsrYQ7AwexQzYtTEIXI=",
      "license": "MIT",
      "engines": {
        "node": ">=8"
      }
    },
    "node_modules/signal-exit": {
      "version": "4.1.0",
      "resolved": "https://pkgs.dev.azure.com/PackageAware/PackageAware/_packaging/PackageAwareFeed/npm/registry/signal-exit/-/signal-exit-4.1.0.tgz",
      "integrity": "sha1-lSGIwcvVRgcOLdIND0HArgUwywQ=",
      "license": "ISC",
      "engines": {
        "node": ">=14"
      },
      "funding": {
        "url": "https://github.com/sponsors/isaacs"
      }
    },
    "node_modules/string-width": {
      "version": "5.1.2",
      "resolved": "https://pkgs.dev.azure.com/PackageAware/PackageAware/_packaging/PackageAwareFeed/npm/registry/string-width/-/string-width-5.1.2.tgz",
      "integrity": "sha1-FPja7G2B5yIdKjV+Zoyrc728p5Q=",
      "license": "MIT",
      "dependencies": {
        "eastasianwidth": "^0.2.0",
        "emoji-regex": "^9.2.2",
        "strip-ansi": "^7.0.1"
      },
      "engines": {
        "node": ">=12"
      },
      "funding": {
        "url": "https://github.com/sponsors/sindresorhus"
      }
    },
    "node_modules/string-width-cjs": {
      "name": "string-width",
      "version": "4.2.3",
      "resolved": "https://pkgs.dev.azure.com/PackageAware/PackageAware/_packaging/PackageAwareFeed/npm/registry/string-width/-/string-width-4.2.3.tgz",
      "integrity": "sha1-JpxxF9J7Ba0uU2gwqOyJXvnG0BA=",
      "license": "MIT",
      "dependencies": {
        "emoji-regex": "^8.0.0",
        "is-fullwidth-code-point": "^3.0.0",
        "strip-ansi": "^6.0.1"
      },
      "engines": {
        "node": ">=8"
      }
    },
    "node_modules/string-width-cjs/node_modules/ansi-regex": {
      "version": "5.0.1",
      "resolved": "https://pkgs.dev.azure.com/PackageAware/PackageAware/_packaging/PackageAwareFeed/npm/registry/ansi-regex/-/ansi-regex-5.0.1.tgz",
      "integrity": "sha1-CCyyyJyf6GWaMRpTvWpNxTAdswQ=",
      "license": "MIT",
      "engines": {
        "node": ">=8"
      }
    },
    "node_modules/string-width-cjs/node_modules/emoji-regex": {
      "version": "8.0.0",
      "resolved": "https://pkgs.dev.azure.com/PackageAware/PackageAware/_packaging/PackageAwareFeed/npm/registry/emoji-regex/-/emoji-regex-8.0.0.tgz",
      "integrity": "sha1-6Bj9ac5cz8tARZT4QpY79TFkzDc=",
      "license": "MIT"
    },
    "node_modules/string-width-cjs/node_modules/strip-ansi": {
      "version": "6.0.1",
      "resolved": "https://pkgs.dev.azure.com/PackageAware/PackageAware/_packaging/PackageAwareFeed/npm/registry/strip-ansi/-/strip-ansi-6.0.1.tgz",
      "integrity": "sha1-nibGPTD1NEPpSJSVshBdN7Z6hdk=",
      "license": "MIT",
      "dependencies": {
        "ansi-regex": "^5.0.1"
      },
      "engines": {
        "node": ">=8"
      }
    },
    "node_modules/strip-ansi": {
      "version": "7.1.0",
      "resolved": "https://pkgs.dev.azure.com/PackageAware/PackageAware/_packaging/PackageAwareFeed/npm/registry/strip-ansi/-/strip-ansi-7.1.0.tgz",
      "integrity": "sha1-1bZWjKaJ2FYTcLBwdoXSJDT6/0U=",
      "license": "MIT",
      "dependencies": {
        "ansi-regex": "^6.0.1"
      },
      "engines": {
        "node": ">=12"
      },
      "funding": {
        "url": "https://github.com/chalk/strip-ansi?sponsor=1"
      }
    },
    "node_modules/strip-ansi-cjs": {
      "name": "strip-ansi",
      "version": "6.0.1",
      "resolved": "https://pkgs.dev.azure.com/PackageAware/PackageAware/_packaging/PackageAwareFeed/npm/registry/strip-ansi/-/strip-ansi-6.0.1.tgz",
      "integrity": "sha1-nibGPTD1NEPpSJSVshBdN7Z6hdk=",
      "license": "MIT",
      "dependencies": {
        "ansi-regex": "^5.0.1"
      },
      "engines": {
        "node": ">=8"
      }
    },
    "node_modules/strip-ansi-cjs/node_modules/ansi-regex": {
      "version": "5.0.1",
      "resolved": "https://pkgs.dev.azure.com/PackageAware/PackageAware/_packaging/PackageAwareFeed/npm/registry/ansi-regex/-/ansi-regex-5.0.1.tgz",
      "integrity": "sha1-CCyyyJyf6GWaMRpTvWpNxTAdswQ=",
      "license": "MIT",
      "engines": {
        "node": ">=8"
      }
    },
    "node_modules/tslib": {
      "version": "2.6.2",
      "resolved": "https://pkgs.dev.azure.com/PackageAware/PackageAware/_packaging/PackageAwareFeed/npm/registry/tslib/-/tslib-2.6.2.tgz",
      "integrity": "sha1-cDrClCXns3zW/UVukkBNRtHz5K4=",
      "license": "0BSD"
    },
    "node_modules/typescript": {
      "version": "5.4.5",
      "resolved": "https://pkgs.dev.azure.com/PackageAware/PackageAware/_packaging/PackageAwareFeed/npm/registry/typescript/-/typescript-5.4.5.tgz",
      "integrity": "sha1-QszvLFcf29D2cYsdH15uXvAG9hE=",
      "dev": true,
      "license": "Apache-2.0",
      "bin": {
        "tsc": "bin/tsc",
        "tsserver": "bin/tsserver"
      },
      "engines": {
        "node": ">=14.17"
      }
    },
    "node_modules/undici-types": {
      "version": "5.26.5",
      "resolved": "https://pkgs.dev.azure.com/PackageAware/PackageAware/_packaging/PackageAwareFeed/npm/registry/undici-types/-/undici-types-5.26.5.tgz",
      "integrity": "sha1-vNU5iT0AtW6WT9JlekhmsiGmVhc=",
      "license": "MIT"
    },
    "node_modules/which": {
      "version": "2.0.2",
      "resolved": "https://pkgs.dev.azure.com/PackageAware/PackageAware/_packaging/PackageAwareFeed/npm/registry/which/-/which-2.0.2.tgz",
      "integrity": "sha1-fGqN0KY2oDJ+ELWckobu6T8/UbE=",
      "license": "ISC",
      "dependencies": {
        "isexe": "^2.0.0"
      },
      "bin": {
        "node-which": "bin/node-which"
      },
      "engines": {
        "node": ">= 8"
      }
    },
    "node_modules/wrap-ansi": {
      "version": "8.1.0",
      "resolved": "https://pkgs.dev.azure.com/PackageAware/PackageAware/_packaging/PackageAwareFeed/npm/registry/wrap-ansi/-/wrap-ansi-8.1.0.tgz",
      "integrity": "sha1-VtwiNo7lcPrOG0mBmXXZuaXq0hQ=",
      "license": "MIT",
      "dependencies": {
        "ansi-styles": "^6.1.0",
        "string-width": "^5.0.1",
        "strip-ansi": "^7.0.1"
      },
      "engines": {
        "node": ">=12"
      },
      "funding": {
        "url": "https://github.com/chalk/wrap-ansi?sponsor=1"
      }
    },
    "node_modules/wrap-ansi-cjs": {
      "name": "wrap-ansi",
      "version": "7.0.0",
      "resolved": "https://pkgs.dev.azure.com/PackageAware/PackageAware/_packaging/PackageAwareFeed/npm/registry/wrap-ansi/-/wrap-ansi-7.0.0.tgz",
      "integrity": "sha1-Z+FFz/UQpqaYS98RUpEdadLrnkM=",
      "license": "MIT",
      "dependencies": {
        "ansi-styles": "^4.0.0",
        "string-width": "^4.1.0",
        "strip-ansi": "^6.0.0"
      },
      "engines": {
        "node": ">=10"
      },
      "funding": {
        "url": "https://github.com/chalk/wrap-ansi?sponsor=1"
      }
    },
    "node_modules/wrap-ansi-cjs/node_modules/ansi-regex": {
      "version": "5.0.1",
      "resolved": "https://pkgs.dev.azure.com/PackageAware/PackageAware/_packaging/PackageAwareFeed/npm/registry/ansi-regex/-/ansi-regex-5.0.1.tgz",
      "integrity": "sha1-CCyyyJyf6GWaMRpTvWpNxTAdswQ=",
      "license": "MIT",
      "engines": {
        "node": ">=8"
      }
    },
    "node_modules/wrap-ansi-cjs/node_modules/ansi-styles": {
      "version": "4.3.0",
      "resolved": "https://pkgs.dev.azure.com/PackageAware/PackageAware/_packaging/PackageAwareFeed/npm/registry/ansi-styles/-/ansi-styles-4.3.0.tgz",
      "integrity": "sha1-7dgDYornHATIWuegkG7a00tkiTc=",
      "license": "MIT",
      "dependencies": {
        "color-convert": "^2.0.1"
      },
      "engines": {
        "node": ">=8"
      },
      "funding": {
        "url": "https://github.com/chalk/ansi-styles?sponsor=1"
      }
    },
    "node_modules/wrap-ansi-cjs/node_modules/emoji-regex": {
      "version": "8.0.0",
      "resolved": "https://pkgs.dev.azure.com/PackageAware/PackageAware/_packaging/PackageAwareFeed/npm/registry/emoji-regex/-/emoji-regex-8.0.0.tgz",
      "integrity": "sha1-6Bj9ac5cz8tARZT4QpY79TFkzDc=",
      "license": "MIT"
    },
    "node_modules/wrap-ansi-cjs/node_modules/string-width": {
      "version": "4.2.3",
      "resolved": "https://pkgs.dev.azure.com/PackageAware/PackageAware/_packaging/PackageAwareFeed/npm/registry/string-width/-/string-width-4.2.3.tgz",
      "integrity": "sha1-JpxxF9J7Ba0uU2gwqOyJXvnG0BA=",
      "license": "MIT",
      "dependencies": {
        "emoji-regex": "^8.0.0",
        "is-fullwidth-code-point": "^3.0.0",
        "strip-ansi": "^6.0.1"
      },
      "engines": {
        "node": ">=8"
      }
    },
    "node_modules/wrap-ansi-cjs/node_modules/strip-ansi": {
      "version": "6.0.1",
      "resolved": "https://pkgs.dev.azure.com/PackageAware/PackageAware/_packaging/PackageAwareFeed/npm/registry/strip-ansi/-/strip-ansi-6.0.1.tgz",
      "integrity": "sha1-nibGPTD1NEPpSJSVshBdN7Z6hdk=",
      "license": "MIT",
      "dependencies": {
        "ansi-regex": "^5.0.1"
      },
      "engines": {
        "node": ">=8"
      }
    }
  }
}
